
Microsoft Visual Studio Solution File, Format Version 12.00
# Visual Studio Version 17
VisualStudioVersion = 17.2.32616.157
MinimumVisualStudioVersion = 10.0.40219.1
Project("{FAE04EC0-301F-11D3-BF4B-00C04F79EFBC}") = "WPFProject", "..\..\..\Desktop\projekt2\WPFYouTubeDemo-8d0a8fb34866674caeb70b33ec7fb7f12cd35f97\WPFProject\WPFProject.csproj", "{9664F73E-665B-4F71-8F48-9488E1E99074}"
EndProject
Global
	GlobalSection(SolutionConfigurationPlatforms) = preSolution
		Debug|Any CPU = Debug|Any CPU
		Release|Any CPU = Release|Any CPU
	EndGlobalSection
	GlobalSection(ProjectConfigurationPlatforms) = postSolution
		{9664F73E-665B-4F71-8F48-9488E1E99074}.Debug|Any CPU.ActiveCfg = Debug|Any CPU
		{9664F73E-665B-4F71-8F48-9488E1E99074}.Debug|Any CPU.Build.0 = Debug|Any CPU
		{9664F73E-665B-4F71-8F48-9488E1E99074}.Release|Any CPU.ActiveCfg = Release|Any CPU
		{9664F73E-665B-4F71-8F48-9488E1E99074}.Release|Any CPU.Build.0 = Release|Any CPU
	EndGlobalSection
	GlobalSection(SolutionProperties) = preSolution
		HideSolutionNode = FALSE
	EndGlobalSection
	GlobalSection(ExtensibilityGlobals) = postSolution
		SolutionGuid = {777A2FAA-D61C-450D-922E-4D5AE85E529A}
	EndGlobalSection
EndGlobal
